
Microsoft Visual Studio Solution File, Format Version 12.00
# Visual Studio Version 16
VisualStudioVersion = 16.0.29806.167
MinimumVisualStudioVersion = 10.0.40219.1
Project("{9A19103F-16F7-4668-BE54-9A1E7A4F7556}") = "RMGS.Core", "RMGS.Core\RMGS.Core.csproj", "{6D114292-D4AB-4ACB-9205-3C129386818B}"
EndProject
Project("{FAE04EC0-301F-11D3-BF4B-00C04F79EFBC}") = "RMGS.Console", "RMGS.Console\RMGS.Console.csproj", "{5FC802EB-2FE5-435E-9D42-2B8B2780D313}"
EndProject
Project("{2150E333-8FDC-42A3-9474-1A3956D46DE8}") = "Samples", "Samples", "{2A7D7549-D08B-4548-964A-B08926F70B62}"
EndProject
Project("{9A19103F-16F7-4668-BE54-9A1E7A4F7556}") = "RMGS.GUI", "RMGS.GUI\RMGS.GUI.csproj", "{B238A54D-F675-4AAA-ACF5-A5C30E369D26}"
EndProject
Project("{2150E333-8FDC-42A3-9474-1A3956D46DE8}") = "White", "White", "{517C606E-CE9C-4F68-91E0-C6AA1A4E2BC2}"
	ProjectSection(SolutionItems) = preProject
		Samples\White\Constraints.xml = Samples\White\Constraints.xml
	EndProjectSection
EndProject
Project("{2150E333-8FDC-42A3-9474-1A3956D46DE8}") = "Road", "Road", "{AC01EA4B-657A-4B53-A739-DE5864F6170C}"
	ProjectSection(SolutionItems) = preProject
		Samples\Road\Constraints.xml = Samples\Road\Constraints.xml
	EndProjectSection
EndProject
Project("{2150E333-8FDC-42A3-9474-1A3956D46DE8}") = "Grass", "Grass", "{8001990E-A83B-4C4C-B04A-78E19E3C20F4}"
	ProjectSection(SolutionItems) = preProject
		Samples\Grass\Constraints.xml = Samples\Grass\Constraints.xml
	EndProjectSection
EndProject
Global
	GlobalSection(SolutionConfigurationPlatforms) = preSolution
		Debug|Any CPU = Debug|Any CPU
		Release|Any CPU = Release|Any CPU
	EndGlobalSection
	GlobalSection(ProjectConfigurationPlatforms) = postSolution
		{6D114292-D4AB-4ACB-9205-3C129386818B}.Debug|Any CPU.ActiveCfg = Debug|Any CPU
		{6D114292-D4AB-4ACB-9205-3C129386818B}.Debug|Any CPU.Build.0 = Debug|Any CPU
		{6D114292-D4AB-4ACB-9205-3C129386818B}.Release|Any CPU.ActiveCfg = Release|Any CPU
		{6D114292-D4AB-4ACB-9205-3C129386818B}.Release|Any CPU.Build.0 = Release|Any CPU
		{5FC802EB-2FE5-435E-9D42-2B8B2780D313}.Debug|Any CPU.ActiveCfg = Debug|Any CPU
		{5FC802EB-2FE5-435E-9D42-2B8B2780D313}.Debug|Any CPU.Build.0 = Debug|Any CPU
		{5FC802EB-2FE5-435E-9D42-2B8B2780D313}.Release|Any CPU.ActiveCfg = Release|Any CPU
		{5FC802EB-2FE5-435E-9D42-2B8B2780D313}.Release|Any CPU.Build.0 = Release|Any CPU
		{B238A54D-F675-4AAA-ACF5-A5C30E369D26}.Debug|Any CPU.ActiveCfg = Debug|Any CPU
		{B238A54D-F675-4AAA-ACF5-A5C30E369D26}.Debug|Any CPU.Build.0 = Debug|Any CPU
		{B238A54D-F675-4AAA-ACF5-A5C30E369D26}.Release|Any CPU.ActiveCfg = Release|Any CPU
		{B238A54D-F675-4AAA-ACF5-A5C30E369D26}.Release|Any CPU.Build.0 = Release|Any CPU
	EndGlobalSection
	GlobalSection(SolutionProperties) = preSolution
		HideSolutionNode = FALSE
	EndGlobalSection
	GlobalSection(NestedProjects) = preSolution
		{517C606E-CE9C-4F68-91E0-C6AA1A4E2BC2} = {2A7D7549-D08B-4548-964A-B08926F70B62}
		{AC01EA4B-657A-4B53-A739-DE5864F6170C} = {2A7D7549-D08B-4548-964A-B08926F70B62}
		{8001990E-A83B-4C4C-B04A-78E19E3C20F4} = {2A7D7549-D08B-4548-964A-B08926F70B62}
	EndGlobalSection
	GlobalSection(ExtensibilityGlobals) = postSolution
		SolutionGuid = {3D535832-8060-4B38-BFD8-683FBD2EB434}
	EndGlobalSection
EndGlobal
